// !$*UTF8*$!
{
	archiveVersion = 1;
	classes = {
	};
	objectVersion = 55;
	objects = {

/* Begin PBXBuildFile section */
		C9059786278EFA950032E3D5 /* AppDelegate.swift in Sources */ = {isa = PBXBuildFile; fileRef = C9059785278EFA950032E3D5 /* AppDelegate.swift */; };
		C9059788278EFA950032E3D5 /* SceneDelegate.swift in Sources */ = {isa = PBXBuildFile; fileRef = C9059787278EFA950032E3D5 /* SceneDelegate.swift */; };
		C905978F278EFA960032E3D5 /* Assets.xcassets in Resources */ = {isa = PBXBuildFile; fileRef = C905978E278EFA960032E3D5 /* Assets.xcassets */; };
		C9059792278EFA960032E3D5 /* LaunchScreen.storyboard in Resources */ = {isa = PBXBuildFile; fileRef = C9059790278EFA960032E3D5 /* LaunchScreen.storyboard */; };
		C905979D278EFA960032E3D5 /* BookReviewPresenterTests.swift in Sources */ = {isa = PBXBuildFile; fileRef = C905979C278EFA960032E3D5 /* BookReviewPresenterTests.swift */; };
		C90597A7278EFA960032E3D5 /* BookReviewUITests.swift in Sources */ = {isa = PBXBuildFile; fileRef = C90597A6278EFA960032E3D5 /* BookReviewUITests.swift */; };
		C90597A9278EFA960032E3D5 /* BookReviewUITestsLaunchTests.swift in Sources */ = {isa = PBXBuildFile; fileRef = C90597A8278EFA960032E3D5 /* BookReviewUITestsLaunchTests.swift */; };
		C90597B7278EFC350032E3D5 /* SnapKit in Frameworks */ = {isa = PBXBuildFile; productRef = C90597B6278EFC350032E3D5 /* SnapKit */; };
		C90597BA278EFC410032E3D5 /* Alamofire in Frameworks */ = {isa = PBXBuildFile; productRef = C90597B9278EFC410032E3D5 /* Alamofire */; };
		C90597BD278EFC710032E3D5 /* Kingfisher in Frameworks */ = {isa = PBXBuildFile; productRef = C90597BC278EFC710032E3D5 /* Kingfisher */; };
		C90597BF278EFCDB0032E3D5 /* BookReviewViewController.swift in Sources */ = {isa = PBXBuildFile; fileRef = C90597BE278EFCDB0032E3D5 /* BookReviewViewController.swift */; };
		C90597C1278F11630032E3D5 /* BookReviewPresenter.swift in Sources */ = {isa = PBXBuildFile; fileRef = C90597C0278F11630032E3D5 /* BookReviewPresenter.swift */; };
		C90597C5278F304B0032E3D5 /* ReviewWriteViewController.swift in Sources */ = {isa = PBXBuildFile; fileRef = C90597C4278F304B0032E3D5 /* ReviewWriteViewController.swift */; };
		C90597C7278F30550032E3D5 /* ReviewWritePresenter.swift in Sources */ = {isa = PBXBuildFile; fileRef = C90597C6278F30550032E3D5 /* ReviewWritePresenter.swift */; };
		C90597CA27932E080032E3D5 /* SearchBookViewController.swift in Sources */ = {isa = PBXBuildFile; fileRef = C90597C927932E080032E3D5 /* SearchBookViewController.swift */; };
		C90597CC27932E360032E3D5 /* SearchBookPresenter.swift in Sources */ = {isa = PBXBuildFile; fileRef = C90597CB27932E360032E3D5 /* SearchBookPresenter.swift */; };
		C9FCD574279459B600B06C48 /* Constants.swift in Sources */ = {isa = PBXBuildFile; fileRef = C9FCD573279459B600B06C48 /* Constants.swift */; };
		C9FCD5762794677100B06C48 /* BookSearchRequestModel.swift in Sources */ = {isa = PBXBuildFile; fileRef = C9FCD5752794677100B06C48 /* BookSearchRequestModel.swift */; };
		C9FCD578279467CD00B06C48 /* BookSearchResponseModel.swift in Sources */ = {isa = PBXBuildFile; fileRef = C9FCD577279467CD00B06C48 /* BookSearchResponseModel.swift */; };
		C9FCD57B279468F100B06C48 /* Book.swift in Sources */ = {isa = PBXBuildFile; fileRef = C9FCD57A279468F100B06C48 /* Book.swift */; };
		C9FCD57D2794691C00B06C48 /* BookSearchManager.swift in Sources */ = {isa = PBXBuildFile; fileRef = C9FCD57C2794691C00B06C48 /* BookSearchManager.swift */; };
		C9FCD58027947ED300B06C48 /* UserDefaultsManager.swift in Sources */ = {isa = PBXBuildFile; fileRef = C9FCD57F27947ED300B06C48 /* UserDefaultsManager.swift */; };
		C9FCD58227947EDF00B06C48 /* BookReview.swift in Sources */ = {isa = PBXBuildFile; fileRef = C9FCD58127947EDF00B06C48 /* BookReview.swift */; };
		C9FCD58427954B4C00B06C48 /* MockUserDefaultsManager.swift in Sources */ = {isa = PBXBuildFile; fileRef = C9FCD58327954B4C00B06C48 /* MockUserDefaultsManager.swift */; };
		C9FCD58627954B5600B06C48 /* MockBookReviewViewController.swift in Sources */ = {isa = PBXBuildFile; fileRef = C9FCD58527954B5600B06C48 /* MockBookReviewViewController.swift */; };
		C9FCD58A2795584E00B06C48 /* ReviewWritePresenterTests.swift in Sources */ = {isa = PBXBuildFile; fileRef = C9FCD5892795584E00B06C48 /* ReviewWritePresenterTests.swift */; };
		C9FCD58C27956CB700B06C48 /* MockReviewWriteViewController.swift in Sources */ = {isa = PBXBuildFile; fileRef = C9FCD58B27956CB700B06C48 /* MockReviewWriteViewController.swift */; };
		C9FCD58E279571F200B06C48 /* SearchBookPresenterTests.swift in Sources */ = {isa = PBXBuildFile; fileRef = C9FCD58D279571F200B06C48 /* SearchBookPresenterTests.swift */; };
		C9FCD5912795A2BC00B06C48 /* MockSearchBookViewController.swift in Sources */ = {isa = PBXBuildFile; fileRef = C9FCD5902795A2BC00B06C48 /* MockSearchBookViewController.swift */; };
/* End PBXBuildFile section */

/* Begin PBXContainerItemProxy section */
		C9059799278EFA960032E3D5 /* PBXContainerItemProxy */ = {
			isa = PBXContainerItemProxy;
			containerPortal = C905977A278EFA950032E3D5 /* Project object */;
			proxyType = 1;
			remoteGlobalIDString = C9059781278EFA950032E3D5;
			remoteInfo = BookReview;
		};
		C90597A3278EFA960032E3D5 /* PBXContainerItemProxy */ = {
			isa = PBXContainerItemProxy;
			containerPortal = C905977A278EFA950032E3D5 /* Project object */;
			proxyType = 1;
			remoteGlobalIDString = C9059781278EFA950032E3D5;
			remoteInfo = BookReview;
		};
/* End PBXContainerItemProxy section */

/* Begin PBXFileReference section */
		C9059782278EFA950032E3D5 /* BookReview.app */ = {isa = PBXFileReference; explicitFileType = wrapper.application; includeInIndex = 0; path = BookReview.app; sourceTree = BUILT_PRODUCTS_DIR; };
		C9059785278EFA950032E3D5 /* AppDelegate.swift */ = {isa = PBXFileReference; lastKnownFileType = sourcecode.swift; path = AppDelegate.swift; sourceTree = "<group>"; };
		C9059787278EFA950032E3D5 /* SceneDelegate.swift */ = {isa = PBXFileReference; lastKnownFileType = sourcecode.swift; path = SceneDelegate.swift; sourceTree = "<group>"; };
		C905978E278EFA960032E3D5 /* Assets.xcassets */ = {isa = PBXFileReference; lastKnownFileType = folder.assetcatalog; path = Assets.xcassets; sourceTree = "<group>"; };
		C9059791278EFA960032E3D5 /* Base */ = {isa = PBXFileReference; lastKnownFileType = file.storyboard; name = Base; path = Base.lproj/LaunchScreen.storyboard; sourceTree = "<group>"; };
		C9059793278EFA960032E3D5 /* Info.plist */ = {isa = PBXFileReference; lastKnownFileType = text.plist.xml; path = Info.plist; sourceTree = "<group>"; };
		C9059798278EFA960032E3D5 /* BookReviewTests.xctest */ = {isa = PBXFileReference; explicitFileType = wrapper.cfbundle; includeInIndex = 0; path = BookReviewTests.xctest; sourceTree = BUILT_PRODUCTS_DIR; };
		C905979C278EFA960032E3D5 /* BookReviewPresenterTests.swift */ = {isa = PBXFileReference; lastKnownFileType = sourcecode.swift; path = BookReviewPresenterTests.swift; sourceTree = "<group>"; };
		C90597A2278EFA960032E3D5 /* BookReviewUITests.xctest */ = {isa = PBXFileReference; explicitFileType = wrapper.cfbundle; includeInIndex = 0; path = BookReviewUITests.xctest; sourceTree = BUILT_PRODUCTS_DIR; };
		C90597A6278EFA960032E3D5 /* BookReviewUITests.swift */ = {isa = PBXFileReference; lastKnownFileType = sourcecode.swift; path = BookReviewUITests.swift; sourceTree = "<group>"; };
		C90597A8278EFA960032E3D5 /* BookReviewUITestsLaunchTests.swift */ = {isa = PBXFileReference; lastKnownFileType = sourcecode.swift; path = BookReviewUITestsLaunchTests.swift; sourceTree = "<group>"; };
		C90597BE278EFCDB0032E3D5 /* BookReviewViewController.swift */ = {isa = PBXFileReference; lastKnownFileType = sourcecode.swift; path = BookReviewViewController.swift; sourceTree = "<group>"; };
		C90597C0278F11630032E3D5 /* BookReviewPresenter.swift */ = {isa = PBXFileReference; lastKnownFileType = sourcecode.swift; path = BookReviewPresenter.swift; sourceTree = "<group>"; };
		C90597C4278F304B0032E3D5 /* ReviewWriteViewController.swift */ = {isa = PBXFileReference; lastKnownFileType = sourcecode.swift; path = ReviewWriteViewController.swift; sourceTree = "<group>"; };
		C90597C6278F30550032E3D5 /* ReviewWritePresenter.swift */ = {isa = PBXFileReference; lastKnownFileType = sourcecode.swift; path = ReviewWritePresenter.swift; sourceTree = "<group>"; };
		C90597C927932E080032E3D5 /* SearchBookViewController.swift */ = {isa = PBXFileReference; lastKnownFileType = sourcecode.swift; path = SearchBookViewController.swift; sourceTree = "<group>"; };
		C90597CB27932E360032E3D5 /* SearchBookPresenter.swift */ = {isa = PBXFileReference; lastKnownFileType = sourcecode.swift; path = SearchBookPresenter.swift; sourceTree = "<group>"; };
		C9FCD573279459B600B06C48 /* Constants.swift */ = {isa = PBXFileReference; lastKnownFileType = sourcecode.swift; path = Constants.swift; sourceTree = "<group>"; };
		C9FCD5752794677100B06C48 /* BookSearchRequestModel.swift */ = {isa = PBXFileReference; lastKnownFileType = sourcecode.swift; path = BookSearchRequestModel.swift; sourceTree = "<group>"; };
		C9FCD577279467CD00B06C48 /* BookSearchResponseModel.swift */ = {isa = PBXFileReference; lastKnownFileType = sourcecode.swift; path = BookSearchResponseModel.swift; sourceTree = "<group>"; };
		C9FCD57A279468F100B06C48 /* Book.swift */ = {isa = PBXFileReference; lastKnownFileType = sourcecode.swift; path = Book.swift; sourceTree = "<group>"; };
		C9FCD57C2794691C00B06C48 /* BookSearchManager.swift */ = {isa = PBXFileReference; lastKnownFileType = sourcecode.swift; path = BookSearchManager.swift; sourceTree = "<group>"; };
		C9FCD57F27947ED300B06C48 /* UserDefaultsManager.swift */ = {isa = PBXFileReference; lastKnownFileType = sourcecode.swift; path = UserDefaultsManager.swift; sourceTree = "<group>"; };
		C9FCD58127947EDF00B06C48 /* BookReview.swift */ = {isa = PBXFileReference; lastKnownFileType = sourcecode.swift; path = BookReview.swift; sourceTree = "<group>"; };
		C9FCD58327954B4C00B06C48 /* MockUserDefaultsManager.swift */ = {isa = PBXFileReference; lastKnownFileType = sourcecode.swift; path = MockUserDefaultsManager.swift; sourceTree = "<group>"; };
		C9FCD58527954B5600B06C48 /* MockBookReviewViewController.swift */ = {isa = PBXFileReference; lastKnownFileType = sourcecode.swift; path = MockBookReviewViewController.swift; sourceTree = "<group>"; };
		C9FCD5892795584E00B06C48 /* ReviewWritePresenterTests.swift */ = {isa = PBXFileReference; lastKnownFileType = sourcecode.swift; path = ReviewWritePresenterTests.swift; sourceTree = "<group>"; };
		C9FCD58B27956CB700B06C48 /* MockReviewWriteViewController.swift */ = {isa = PBXFileReference; lastKnownFileType = sourcecode.swift; path = MockReviewWriteViewController.swift; sourceTree = "<group>"; };
		C9FCD58D279571F200B06C48 /* SearchBookPresenterTests.swift */ = {isa = PBXFileReference; lastKnownFileType = sourcecode.swift; path = SearchBookPresenterTests.swift; sourceTree = "<group>"; };
		C9FCD5902795A2BC00B06C48 /* MockSearchBookViewController.swift */ = {isa = PBXFileReference; lastKnownFileType = sourcecode.swift; path = MockSearchBookViewController.swift; sourceTree = "<group>"; };
/* End PBXFileReference section */

/* Begin PBXFrameworksBuildPhase section */
		C905977F278EFA950032E3D5 /* Frameworks */ = {
			isa = PBXFrameworksBuildPhase;
			buildActionMask = 2147483647;
			files = (
				C90597BD278EFC710032E3D5 /* Kingfisher in Frameworks */,
				C90597B7278EFC350032E3D5 /* SnapKit in Frameworks */,
				C90597BA278EFC410032E3D5 /* Alamofire in Frameworks */,
			);
			runOnlyForDeploymentPostprocessing = 0;
		};
		C9059795278EFA960032E3D5 /* Frameworks */ = {
			isa = PBXFrameworksBuildPhase;
			buildActionMask = 2147483647;
			files = (
			);
			runOnlyForDeploymentPostprocessing = 0;
		};
		C905979F278EFA960032E3D5 /* Frameworks */ = {
			isa = PBXFrameworksBuildPhase;
			buildActionMask = 2147483647;
			files = (
			);
			runOnlyForDeploymentPostprocessing = 0;
		};
/* End PBXFrameworksBuildPhase section */

/* Begin PBXGroup section */
		C9059779278EFA950032E3D5 = {
			isa = PBXGroup;
			children = (
				C9059784278EFA950032E3D5 /* BookReview */,
				C905979B278EFA960032E3D5 /* BookReviewTests */,
				C90597A5278EFA960032E3D5 /* BookReviewUITests */,
				C9059783278EFA950032E3D5 /* Products */,
			);
			sourceTree = "<group>";
		};
		C9059783278EFA950032E3D5 /* Products */ = {
			isa = PBXGroup;
			children = (
				C9059782278EFA950032E3D5 /* BookReview.app */,
				C9059798278EFA960032E3D5 /* BookReviewTests.xctest */,
				C90597A2278EFA960032E3D5 /* BookReviewUITests.xctest */,
			);
			name = Products;
			sourceTree = "<group>";
		};
		C9059784278EFA950032E3D5 /* BookReview */ = {
			isa = PBXGroup;
			children = (
				C9059785278EFA950032E3D5 /* AppDelegate.swift */,
				C9059787278EFA950032E3D5 /* SceneDelegate.swift */,
				C9FCD573279459B600B06C48 /* Constants.swift */,
				C9FCD57E2794693500B06C48 /* Manager */,
				C9FCD579279467D700B06C48 /* Models */,
				C90597C3278F117F0032E3D5 /* Scene */,
				C905978E278EFA960032E3D5 /* Assets.xcassets */,
				C9059790278EFA960032E3D5 /* LaunchScreen.storyboard */,
				C9059793278EFA960032E3D5 /* Info.plist */,
			);
			path = BookReview;
			sourceTree = "<group>";
		};
		C905979B278EFA960032E3D5 /* BookReviewTests */ = {
			isa = PBXGroup;
			children = (
				C9FCD58827954BA400B06C48 /* Tests */,
				C9FCD58727954B6400B06C48 /* Mock */,
			);
			path = BookReviewTests;
			sourceTree = "<group>";
		};
		C90597A5278EFA960032E3D5 /* BookReviewUITests */ = {
			isa = PBXGroup;
			children = (
				C90597A6278EFA960032E3D5 /* BookReviewUITests.swift */,
				C90597A8278EFA960032E3D5 /* BookReviewUITestsLaunchTests.swift */,
			);
			path = BookReviewUITests;
			sourceTree = "<group>";
		};
		C90597C2278F11770032E3D5 /* BookReview */ = {
			isa = PBXGroup;
			children = (
				C90597BE278EFCDB0032E3D5 /* BookReviewViewController.swift */,
				C90597C0278F11630032E3D5 /* BookReviewPresenter.swift */,
			);
			path = BookReview;
			sourceTree = "<group>";
		};
		C90597C3278F117F0032E3D5 /* Scene */ = {
			isa = PBXGroup;
			children = (
				C90597C2278F11770032E3D5 /* BookReview */,
				C90597C8278F30590032E3D5 /* ReviewWrite */,
				C90597CD27932E3A0032E3D5 /* SearchBook */,
			);
			path = Scene;
			sourceTree = "<group>";
		};
		C90597C8278F30590032E3D5 /* ReviewWrite */ = {
			isa = PBXGroup;
			children = (
				C90597C4278F304B0032E3D5 /* ReviewWriteViewController.swift */,
				C90597C6278F30550032E3D5 /* ReviewWritePresenter.swift */,
			);
			path = ReviewWrite;
			sourceTree = "<group>";
		};
		C90597CD27932E3A0032E3D5 /* SearchBook */ = {
			isa = PBXGroup;
			children = (
				C90597C927932E080032E3D5 /* SearchBookViewController.swift */,
				C90597CB27932E360032E3D5 /* SearchBookPresenter.swift */,
			);
			path = SearchBook;
			sourceTree = "<group>";
		};
		C9FCD579279467D700B06C48 /* Models */ = {
			isa = PBXGroup;
			children = (
				C9FCD5752794677100B06C48 /* BookSearchRequestModel.swift */,
				C9FCD577279467CD00B06C48 /* BookSearchResponseModel.swift */,
				C9FCD57A279468F100B06C48 /* Book.swift */,
				C9FCD58127947EDF00B06C48 /* BookReview.swift */,
			);
			path = Models;
			sourceTree = "<group>";
		};
		C9FCD57E2794693500B06C48 /* Manager */ = {
			isa = PBXGroup;
			children = (
				C9FCD57C2794691C00B06C48 /* BookSearchManager.swift */,
				C9FCD57F27947ED300B06C48 /* UserDefaultsManager.swift */,
			);
			name = Manager;
			path = ..;
			sourceTree = "<group>";
		};
		C9FCD58727954B6400B06C48 /* Mock */ = {
			isa = PBXGroup;
			children = (
				C9FCD58327954B4C00B06C48 /* MockUserDefaultsManager.swift */,
				C9FCD58527954B5600B06C48 /* MockBookReviewViewController.swift */,
				C9FCD58B27956CB700B06C48 /* MockReviewWriteViewController.swift */,
				C9FCD5902795A2BC00B06C48 /* MockSearchBookViewController.swift */,
			);
			path = Mock;
			sourceTree = "<group>";
		};
		C9FCD58827954BA400B06C48 /* Tests */ = {
			isa = PBXGroup;
			children = (
				C905979C278EFA960032E3D5 /* BookReviewPresenterTests.swift */,
				C9FCD5892795584E00B06C48 /* ReviewWritePresenterTests.swift */,
				C9FCD58D279571F200B06C48 /* SearchBookPresenterTests.swift */,
			);
			path = Tests;
			sourceTree = "<group>";
		};
/* End PBXGroup section */

/* Begin PBXNativeTarget section */
		C9059781278EFA950032E3D5 /* BookReview */ = {
			isa = PBXNativeTarget;
			buildConfigurationList = C90597AC278EFA960032E3D5 /* Build configuration list for PBXNativeTarget "BookReview" */;
			buildPhases = (
				C905977E278EFA950032E3D5 /* Sources */,
				C905977F278EFA950032E3D5 /* Frameworks */,
				C9059780278EFA950032E3D5 /* Resources */,
			);
			buildRules = (
			);
			dependencies = (
			);
			name = BookReview;
			packageProductDependencies = (
				C90597B6278EFC350032E3D5 /* SnapKit */,
				C90597B9278EFC410032E3D5 /* Alamofire */,
				C90597BC278EFC710032E3D5 /* Kingfisher */,
			);
			productName = BookReview;
			productReference = C9059782278EFA950032E3D5 /* BookReview.app */;
			productType = "com.apple.product-type.application";
		};
		C9059797278EFA960032E3D5 /* BookReviewTests */ = {
			isa = PBXNativeTarget;
			buildConfigurationList = C90597AF278EFA960032E3D5 /* Build configuration list for PBXNativeTarget "BookReviewTests" */;
			buildPhases = (
				C9059794278EFA960032E3D5 /* Sources */,
				C9059795278EFA960032E3D5 /* Frameworks */,
				C9059796278EFA960032E3D5 /* Resources */,
			);
			buildRules = (
			);
			dependencies = (
				C905979A278EFA960032E3D5 /* PBXTargetDependency */,
			);
			name = BookReviewTests;
			productName = BookReviewTests;
			productReference = C9059798278EFA960032E3D5 /* BookReviewTests.xctest */;
			productType = "com.apple.product-type.bundle.unit-test";
		};
		C90597A1278EFA960032E3D5 /* BookReviewUITests */ = {
			isa = PBXNativeTarget;
			buildConfigurationList = C90597B2278EFA960032E3D5 /* Build configuration list for PBXNativeTarget "BookReviewUITests" */;
			buildPhases = (
				C905979E278EFA960032E3D5 /* Sources */,
				C905979F278EFA960032E3D5 /* Frameworks */,
				C90597A0278EFA960032E3D5 /* Resources */,
			);
			buildRules = (
			);
			dependencies = (
				C90597A4278EFA960032E3D5 /* PBXTargetDependency */,
			);
			name = BookReviewUITests;
			productName = BookReviewUITests;
			productReference = C90597A2278EFA960032E3D5 /* BookReviewUITests.xctest */;
			productType = "com.apple.product-type.bundle.ui-testing";
		};
/* End PBXNativeTarget section */

/* Begin PBXProject section */
		C905977A278EFA950032E3D5 /* Project object */ = {
			isa = PBXProject;
			attributes = {
				BuildIndependentTargetsInParallel = 1;
				LastSwiftUpdateCheck = 1320;
				LastUpgradeCheck = 1320;
				TargetAttributes = {
					C9059781278EFA950032E3D5 = {
						CreatedOnToolsVersion = 13.2.1;
					};
					C9059797278EFA960032E3D5 = {
						CreatedOnToolsVersion = 13.2.1;
						TestTargetID = C9059781278EFA950032E3D5;
					};
					C90597A1278EFA960032E3D5 = {
						CreatedOnToolsVersion = 13.2.1;
						TestTargetID = C9059781278EFA950032E3D5;
					};
				};
			};
			buildConfigurationList = C905977D278EFA950032E3D5 /* Build configuration list for PBXProject "BookReview" */;
			compatibilityVersion = "Xcode 13.0";
			developmentRegion = en;
			hasScannedForEncodings = 0;
			knownRegions = (
				en,
				Base,
			);
			mainGroup = C9059779278EFA950032E3D5;
			packageReferences = (
				C90597B5278EFC350032E3D5 /* XCRemoteSwiftPackageReference "SnapKit" */,
				C90597B8278EFC410032E3D5 /* XCRemoteSwiftPackageReference "Alamofire" */,
				C90597BB278EFC710032E3D5 /* XCRemoteSwiftPackageReference "Kingfisher" */,
			);
			productRefGroup = C9059783278EFA950032E3D5 /* Products */;
			projectDirPath = "";
			projectRoot = "";
			targets = (
				C9059781278EFA950032E3D5 /* BookReview */,
				C9059797278EFA960032E3D5 /* BookReviewTests */,
				C90597A1278EFA960032E3D5 /* BookReviewUITests */,
			);
		};
/* End PBXProject section */

/* Begin PBXResourcesBuildPhase section */
		C9059780278EFA950032E3D5 /* Resources */ = {
			isa = PBXResourcesBuildPhase;
			buildActionMask = 2147483647;
			files = (
				C9059792278EFA960032E3D5 /* LaunchScreen.storyboard in Resources */,
				C905978F278EFA960032E3D5 /* Assets.xcassets in Resources */,
			);
			runOnlyForDeploymentPostprocessing = 0;
		};
		C9059796278EFA960032E3D5 /* Resources */ = {
			isa = PBXResourcesBuildPhase;
			buildActionMask = 2147483647;
			files = (
			);
			runOnlyForDeploymentPostprocessing = 0;
		};
		C90597A0278EFA960032E3D5 /* Resources */ = {
			isa = PBXResourcesBuildPhase;
			buildActionMask = 2147483647;
			files = (
			);
			runOnlyForDeploymentPostprocessing = 0;
		};
/* End PBXResourcesBuildPhase section */

/* Begin PBXSourcesBuildPhase section */
		C905977E278EFA950032E3D5 /* Sources */ = {
			isa = PBXSourcesBuildPhase;
			buildActionMask = 2147483647;
			files = (
				C90597C7278F30550032E3D5 /* ReviewWritePresenter.swift in Sources */,
				C9FCD57D2794691C00B06C48 /* BookSearchManager.swift in Sources */,
				C90597BF278EFCDB0032E3D5 /* BookReviewViewController.swift in Sources */,
				C90597C1278F11630032E3D5 /* BookReviewPresenter.swift in Sources */,
				C90597CA27932E080032E3D5 /* SearchBookViewController.swift in Sources */,
				C9FCD58227947EDF00B06C48 /* BookReview.swift in Sources */,
				C9FCD5762794677100B06C48 /* BookSearchRequestModel.swift in Sources */,
				C90597C5278F304B0032E3D5 /* ReviewWriteViewController.swift in Sources */,
				C90597CC27932E360032E3D5 /* SearchBookPresenter.swift in Sources */,
				C9FCD578279467CD00B06C48 /* BookSearchResponseModel.swift in Sources */,
				C9FCD57B279468F100B06C48 /* Book.swift in Sources */,
				C9FCD58027947ED300B06C48 /* UserDefaultsManager.swift in Sources */,
				C9059786278EFA950032E3D5 /* AppDelegate.swift in Sources */,
				C9059788278EFA950032E3D5 /* SceneDelegate.swift in Sources */,
				C9FCD574279459B600B06C48 /* Constants.swift in Sources */,
			);
			runOnlyForDeploymentPostprocessing = 0;
		};
		C9059794278EFA960032E3D5 /* Sources */ = {
			isa = PBXSourcesBuildPhase;
			buildActionMask = 2147483647;
			files = (
				C9FCD5912795A2BC00B06C48 /* MockSearchBookViewController.swift in Sources */,
				C9FCD58C27956CB700B06C48 /* MockReviewWriteViewController.swift in Sources */,
				C9FCD58427954B4C00B06C48 /* MockUserDefaultsManager.swift in Sources */,
				C9FCD58627954B5600B06C48 /* MockBookReviewViewController.swift in Sources */,
				C9FCD58E279571F200B06C48 /* SearchBookPresenterTests.swift in Sources */,
				C9FCD58A2795584E00B06C48 /* ReviewWritePresenterTests.swift in Sources */,
				C905979D278EFA960032E3D5 /* BookReviewPresenterTests.swift in Sources */,
			);
			runOnlyForDeploymentPostprocessing = 0;
		};
		C905979E278EFA960032E3D5 /* Sources */ = {
			isa = PBXSourcesBuildPhase;
			buildActionMask = 2147483647;
			files = (
				C90597A7278EFA960032E3D5 /* BookReviewUITests.swift in Sources */,
				C90597A9278EFA960032E3D5 /* BookReviewUITestsLaunchTests.swift in Sources */,
			);
			runOnlyForDeploymentPostprocessing = 0;
		};
/* End PBXSourcesBuildPhase section */

/* Begin PBXTargetDependency section */
		C905979A278EFA960032E3D5 /* PBXTargetDependency */ = {
			isa = PBXTargetDependency;
			target = C9059781278EFA950032E3D5 /* BookReview */;
			targetProxy = C9059799278EFA960032E3D5 /* PBXContainerItemProxy */;
		};
		C90597A4278EFA960032E3D5 /* PBXTargetDependency */ = {
			isa = PBXTargetDependency;
			target = C9059781278EFA950032E3D5 /* BookReview */;
			targetProxy = C90597A3278EFA960032E3D5 /* PBXContainerItemProxy */;
		};
/* End PBXTargetDependency section */

/* Begin PBXVariantGroup section */
		C9059790278EFA960032E3D5 /* LaunchScreen.storyboard */ = {
			isa = PBXVariantGroup;
			children = (
				C9059791278EFA960032E3D5 /* Base */,
			);
			name = LaunchScreen.storyboard;
			sourceTree = "<group>";
		};
/* End PBXVariantGroup section */

/* Begin XCBuildConfiguration section */
		C90597AA278EFA960032E3D5 /* Debug */ = {
			isa = XCBuildConfiguration;
			buildSettings = {
				ALWAYS_SEARCH_USER_PATHS = NO;
				CLANG_ANALYZER_NONNULL = YES;
				CLANG_ANALYZER_NUMBER_OBJECT_CONVERSION = YES_AGGRESSIVE;
				CLANG_CXX_LANGUAGE_STANDARD = "gnu++17";
				CLANG_CXX_LIBRARY = "libc++";
				CLANG_ENABLE_MODULES = YES;
				CLANG_ENABLE_OBJC_ARC = YES;
				CLANG_ENABLE_OBJC_WEAK = YES;
				CLANG_WARN_BLOCK_CAPTURE_AUTORELEASING = YES;
				CLANG_WARN_BOOL_CONVERSION = YES;
				CLANG_WARN_COMMA = YES;
				CLANG_WARN_CONSTANT_CONVERSION = YES;
				CLANG_WARN_DEPRECATED_OBJC_IMPLEMENTATIONS = YES;
				CLANG_WARN_DIRECT_OBJC_ISA_USAGE = YES_ERROR;
				CLANG_WARN_DOCUMENTATION_COMMENTS = YES;
				CLANG_WARN_EMPTY_BODY = YES;
				CLANG_WARN_ENUM_CONVERSION = YES;
				CLANG_WARN_INFINITE_RECURSION = YES;
				CLANG_WARN_INT_CONVERSION = YES;
				CLANG_WARN_NON_LITERAL_NULL_CONVERSION = YES;
				CLANG_WARN_OBJC_IMPLICIT_RETAIN_SELF = YES;
				CLANG_WARN_OBJC_LITERAL_CONVERSION = YES;
				CLANG_WARN_OBJC_ROOT_CLASS = YES_ERROR;
				CLANG_WARN_QUOTED_INCLUDE_IN_FRAMEWORK_HEADER = YES;
				CLANG_WARN_RANGE_LOOP_ANALYSIS = YES;
				CLANG_WARN_STRICT_PROTOTYPES = YES;
				CLANG_WARN_SUSPICIOUS_MOVE = YES;
				CLANG_WARN_UNGUARDED_AVAILABILITY = YES_AGGRESSIVE;
				CLANG_WARN_UNREACHABLE_CODE = YES;
				CLANG_WARN__DUPLICATE_METHOD_MATCH = YES;
				COPY_PHASE_STRIP = NO;
				DEBUG_INFORMATION_FORMAT = dwarf;
				ENABLE_STRICT_OBJC_MSGSEND = YES;
				ENABLE_TESTABILITY = YES;
				GCC_C_LANGUAGE_STANDARD = gnu11;
				GCC_DYNAMIC_NO_PIC = NO;
				GCC_NO_COMMON_BLOCKS = YES;
				GCC_OPTIMIZATION_LEVEL = 0;
				GCC_PREPROCESSOR_DEFINITIONS = (
					"DEBUG=1",
					"$(inherited)",
				);
				GCC_WARN_64_TO_32_BIT_CONVERSION = YES;
				GCC_WARN_ABOUT_RETURN_TYPE = YES_ERROR;
				GCC_WARN_UNDECLARED_SELECTOR = YES;
				GCC_WARN_UNINITIALIZED_AUTOS = YES_AGGRESSIVE;
				GCC_WARN_UNUSED_FUNCTION = YES;
				GCC_WARN_UNUSED_VARIABLE = YES;
				IPHONEOS_DEPLOYMENT_TARGET = 15.2;
				MTL_ENABLE_DEBUG_INFO = INCLUDE_SOURCE;
				MTL_FAST_MATH = YES;
				ONLY_ACTIVE_ARCH = YES;
				SDKROOT = iphoneos;
				SWIFT_ACTIVE_COMPILATION_CONDITIONS = DEBUG;
				SWIFT_OPTIMIZATION_LEVEL = "-Onone";
			};
			name = Debug;
		};
		C90597AB278EFA960032E3D5 /* Release */ = {
			isa = XCBuildConfiguration;
			buildSettings = {
				ALWAYS_SEARCH_USER_PATHS = NO;
				CLANG_ANALYZER_NONNULL = YES;
				CLANG_ANALYZER_NUMBER_OBJECT_CONVERSION = YES_AGGRESSIVE;
				CLANG_CXX_LANGUAGE_STANDARD = "gnu++17";
				CLANG_CXX_LIBRARY = "libc++";
				CLANG_ENABLE_MODULES = YES;
				CLANG_ENABLE_OBJC_ARC = YES;
				CLANG_ENABLE_OBJC_WEAK = YES;
				CLANG_WARN_BLOCK_CAPTURE_AUTORELEASING = YES;
				CLANG_WARN_BOOL_CONVERSION = YES;
				CLANG_WARN_COMMA = YES;
				CLANG_WARN_CONSTANT_CONVERSION = YES;
				CLANG_WARN_DEPRECATED_OBJC_IMPLEMENTATIONS = YES;
				CLANG_WARN_DIRECT_OBJC_ISA_USAGE = YES_ERROR;
				CLANG_WARN_DOCUMENTATION_COMMENTS = YES;
				CLANG_WARN_EMPTY_BODY = YES;
				CLANG_WARN_ENUM_CONVERSION = YES;
				CLANG_WARN_INFINITE_RECURSION = YES;
				CLANG_WARN_INT_CONVERSION = YES;
				CLANG_WARN_NON_LITERAL_NULL_CONVERSION = YES;
				CLANG_WARN_OBJC_IMPLICIT_RETAIN_SELF = YES;
				CLANG_WARN_OBJC_LITERAL_CONVERSION = YES;
				CLANG_WARN_OBJC_ROOT_CLASS = YES_ERROR;
				CLANG_WARN_QUOTED_INCLUDE_IN_FRAMEWORK_HEADER = YES;
				CLANG_WARN_RANGE_LOOP_ANALYSIS = YES;
				CLANG_WARN_STRICT_PROTOTYPES = YES;
				CLANG_WARN_SUSPICIOUS_MOVE = YES;
				CLANG_WARN_UNGUARDED_AVAILABILITY = YES_AGGRESSIVE;
				CLANG_WARN_UNREACHABLE_CODE = YES;
				CLANG_WARN__DUPLICATE_METHOD_MATCH = YES;
				COPY_PHASE_STRIP = NO;
				DEBUG_INFORMATION_FORMAT = "dwarf-with-dsym";
				ENABLE_NS_ASSERTIONS = NO;
				ENABLE_STRICT_OBJC_MSGSEND = YES;
				GCC_C_LANGUAGE_STANDARD = gnu11;
				GCC_NO_COMMON_BLOCKS = YES;
				GCC_WARN_64_TO_32_BIT_CONVERSION = YES;
				GCC_WARN_ABOUT_RETURN_TYPE = YES_ERROR;
				GCC_WARN_UNDECLARED_SELECTOR = YES;
				GCC_WARN_UNINITIALIZED_AUTOS = YES_AGGRESSIVE;
				GCC_WARN_UNUSED_FUNCTION = YES;
				GCC_WARN_UNUSED_VARIABLE = YES;
				IPHONEOS_DEPLOYMENT_TARGET = 15.2;
				MTL_ENABLE_DEBUG_INFO = NO;
				MTL_FAST_MATH = YES;
				SDKROOT = iphoneos;
				SWIFT_COMPILATION_MODE = wholemodule;
				SWIFT_OPTIMIZATION_LEVEL = "-O";
				VALIDATE_PRODUCT = YES;
			};
			name = Release;
		};
		C90597AD278EFA960032E3D5 /* Debug */ = {
			isa = XCBuildConfiguration;
			buildSettings = {
				ASSETCATALOG_COMPILER_APPICON_NAME = AppIcon;
				ASSETCATALOG_COMPILER_GLOBAL_ACCENT_COLOR_NAME = AccentColor;
				CODE_SIGN_STYLE = Automatic;
				CURRENT_PROJECT_VERSION = 1;
				DEVELOPMENT_TEAM = U4T3R7AY6X;
				GENERATE_INFOPLIST_FILE = YES;
				INFOPLIST_FILE = BookReview/Info.plist;
				INFOPLIST_KEY_UIApplicationSupportsIndirectInputEvents = YES;
				INFOPLIST_KEY_UILaunchStoryboardName = LaunchScreen;
				INFOPLIST_KEY_UISupportedInterfaceOrientations_iPad = "UIInterfaceOrientationPortrait UIInterfaceOrientationPortraitUpsideDown UIInterfaceOrientationLandscapeLeft UIInterfaceOrientationLandscapeRight";
				INFOPLIST_KEY_UISupportedInterfaceOrientations_iPhone = "UIInterfaceOrientationPortrait UIInterfaceOrientationLandscapeLeft UIInterfaceOrientationLandscapeRight";
				LD_RUNPATH_SEARCH_PATHS = (
					"$(inherited)",
					"@executable_path/Frameworks",
				);
				MARKETING_VERSION = 1.0;
				PRODUCT_BUNDLE_IDENTIFIER = com.lyc.BookReview;
				PRODUCT_NAME = "$(TARGET_NAME)";
				SWIFT_EMIT_LOC_STRINGS = YES;
				SWIFT_VERSION = 5.0;
				TARGETED_DEVICE_FAMILY = "1,2";
			};
			name = Debug;
		};
		C90597AE278EFA960032E3D5 /* Release */ = {
			isa = XCBuildConfiguration;
			buildSettings = {
				ASSETCATALOG_COMPILER_APPICON_NAME = AppIcon;
				ASSETCATALOG_COMPILER_GLOBAL_ACCENT_COLOR_NAME = AccentColor;
				CODE_SIGN_STYLE = Automatic;
				CURRENT_PROJECT_VERSION = 1;
				DEVELOPMENT_TEAM = U4T3R7AY6X;
				GENERATE_INFOPLIST_FILE = YES;
				INFOPLIST_FILE = BookReview/Info.plist;
				INFOPLIST_KEY_UIApplicationSupportsIndirectInputEvents = YES;
				INFOPLIST_KEY_UILaunchStoryboardName = LaunchScreen;
				INFOPLIST_KEY_UISupportedInterfaceOrientations_iPad = "UIInterfaceOrientationPortrait UIInterfaceOrientationPortraitUpsideDown UIInterfaceOrientationLandscapeLeft UIInterfaceOrientationLandscapeRight";
				INFOPLIST_KEY_UISupportedInterfaceOrientations_iPhone = "UIInterfaceOrientationPortrait UIInterfaceOrientationLandscapeLeft UIInterfaceOrientationLandscapeRight";
				LD_RUNPATH_SEARCH_PATHS = (
					"$(inherited)",
					"@executable_path/Frameworks",
				);
				MARKETING_VERSION = 1.0;
				PRODUCT_BUNDLE_IDENTIFIER = com.lyc.BookReview;
				PRODUCT_NAME = "$(TARGET_NAME)";
				SWIFT_EMIT_LOC_STRINGS = YES;
				SWIFT_VERSION = 5.0;
				TARGETED_DEVICE_FAMILY = "1,2";
			};
			name = Release;
		};
		C90597B0278EFA960032E3D5 /* Debug */ = {
			isa = XCBuildConfiguration;
			buildSettings = {
				ALWAYS_EMBED_SWIFT_STANDARD_LIBRARIES = YES;
				BUNDLE_LOADER = "$(TEST_HOST)";
				CODE_SIGN_STYLE = Automatic;
				CURRENT_PROJECT_VERSION = 1;
				DEVELOPMENT_TEAM = U4T3R7AY6X;
				GENERATE_INFOPLIST_FILE = YES;
				IPHONEOS_DEPLOYMENT_TARGET = 15.2;
				MARKETING_VERSION = 1.0;
				PRODUCT_BUNDLE_IDENTIFIER = com.lyc.BookReviewTests;
				PRODUCT_NAME = "$(TARGET_NAME)";
				SWIFT_EMIT_LOC_STRINGS = NO;
				SWIFT_VERSION = 5.0;
				TARGETED_DEVICE_FAMILY = "1,2";
				TEST_HOST = "$(BUILT_PRODUCTS_DIR)/BookReview.app/BookReview";
			};
			name = Debug;
		};
		C90597B1278EFA960032E3D5 /* Release */ = {
			isa = XCBuildConfiguration;
			buildSettings = {
				ALWAYS_EMBED_SWIFT_STANDARD_LIBRARIES = YES;
				BUNDLE_LOADER = "$(TEST_HOST)";
				CODE_SIGN_STYLE = Automatic;
				CURRENT_PROJECT_VERSION = 1;
				DEVELOPMENT_TEAM = U4T3R7AY6X;
				GENERATE_INFOPLIST_FILE = YES;
				IPHONEOS_DEPLOYMENT_TARGET = 15.2;
				MARKETING_VERSION = 1.0;
				PRODUCT_BUNDLE_IDENTIFIER = com.lyc.BookReviewTests;
				PRODUCT_NAME = "$(TARGET_NAME)";
				SWIFT_EMIT_LOC_STRINGS = NO;
				SWIFT_VERSION = 5.0;
				TARGETED_DEVICE_FAMILY = "1,2";
				TEST_HOST = "$(BUILT_PRODUCTS_DIR)/BookReview.app/BookReview";
			};
			name = Release;
		};
		C90597B3278EFA960032E3D5 /* Debug */ = {
			isa = XCBuildConfiguration;
			buildSettings = {
				ALWAYS_EMBED_SWIFT_STANDARD_LIBRARIES = YES;
				CODE_SIGN_STYLE = Automatic;
				CURRENT_PROJECT_VERSION = 1;
				DEVELOPMENT_TEAM = U4T3R7AY6X;
				GENERATE_INFOPLIST_FILE = YES;
				MARKETING_VERSION = 1.0;
				PRODUCT_BUNDLE_IDENTIFIER = com.lyc.BookReviewUITests;
				PRODUCT_NAME = "$(TARGET_NAME)";
				SWIFT_EMIT_LOC_STRINGS = NO;
				SWIFT_VERSION = 5.0;
				TARGETED_DEVICE_FAMILY = "1,2";
				TEST_TARGET_NAME = BookReview;
			};
			name = Debug;
		};
		C90597B4278EFA960032E3D5 /* Release */ = {
			isa = XCBuildConfiguration;
			buildSettings = {
				ALWAYS_EMBED_SWIFT_STANDARD_LIBRARIES = YES;
				CODE_SIGN_STYLE = Automatic;
				CURRENT_PROJECT_VERSION = 1;
				DEVELOPMENT_TEAM = U4T3R7AY6X;
				GENERATE_INFOPLIST_FILE = YES;
				MARKETING_VERSION = 1.0;
				PRODUCT_BUNDLE_IDENTIFIER = com.lyc.BookReviewUITests;
				PRODUCT_NAME = "$(TARGET_NAME)";
				SWIFT_EMIT_LOC_STRINGS = NO;
				SWIFT_VERSION = 5.0;
				TARGETED_DEVICE_FAMILY = "1,2";
				TEST_TARGET_NAME = BookReview;
			};
			name = Release;
		};
/* End XCBuildConfiguration section */

/* Begin XCConfigurationList section */
		C905977D278EFA950032E3D5 /* Build configuration list for PBXProject "BookReview" */ = {
			isa = XCConfigurationList;
			buildConfigurations = (
				C90597AA278EFA960032E3D5 /* Debug */,
				C90597AB278EFA960032E3D5 /* Release */,
			);
			defaultConfigurationIsVisible = 0;
			defaultConfigurationName = Release;
		};
		C90597AC278EFA960032E3D5 /* Build configuration list for PBXNativeTarget "BookReview" */ = {
			isa = XCConfigurationList;
			buildConfigurations = (
				C90597AD278EFA960032E3D5 /* Debug */,
				C90597AE278EFA960032E3D5 /* Release */,
			);
			defaultConfigurationIsVisible = 0;
			defaultConfigurationName = Release;
		};
		C90597AF278EFA960032E3D5 /* Build configuration list for PBXNativeTarget "BookReviewTests" */ = {
			isa = XCConfigurationList;
			buildConfigurations = (
				C90597B0278EFA960032E3D5 /* Debug */,
				C90597B1278EFA960032E3D5 /* Release */,
			);
			defaultConfigurationIsVisible = 0;
			defaultConfigurationName = Release;
		};
		C90597B2278EFA960032E3D5 /* Build configuration list for PBXNativeTarget "BookReviewUITests" */ = {
			isa = XCConfigurationList;
			buildConfigurations = (
				C90597B3278EFA960032E3D5 /* Debug */,
				C90597B4278EFA960032E3D5 /* Release */,
			);
			defaultConfigurationIsVisible = 0;
			defaultConfigurationName = Release;
		};
/* End XCConfigurationList section */

/* Begin XCRemoteSwiftPackageReference section */
		C90597B5278EFC350032E3D5 /* XCRemoteSwiftPackageReference "SnapKit" */ = {
			isa = XCRemoteSwiftPackageReference;
			repositoryURL = "https://github.com/SnapKit/SnapKit.git";
			requirement = {
				kind = upToNextMajorVersion;
				minimumVersion = 5.0.0;
			};
		};
		C90597B8278EFC410032E3D5 /* XCRemoteSwiftPackageReference "Alamofire" */ = {
			isa = XCRemoteSwiftPackageReference;
			repositoryURL = "https://github.com/Alamofire/Alamofire.git";
			requirement = {
				kind = upToNextMajorVersion;
				minimumVersion = 5.0.0;
			};
		};
		C90597BB278EFC710032E3D5 /* XCRemoteSwiftPackageReference "Kingfisher" */ = {
			isa = XCRemoteSwiftPackageReference;
			repositoryURL = "https://github.com/onevcat/Kingfisher.git";
			requirement = {
				kind = upToNextMajorVersion;
				minimumVersion = 7.0.0;
			};
		};
/* End XCRemoteSwiftPackageReference section */

/* Begin XCSwiftPackageProductDependency section */
		C90597B6278EFC350032E3D5 /* SnapKit */ = {
			isa = XCSwiftPackageProductDependency;
			package = C90597B5278EFC350032E3D5 /* XCRemoteSwiftPackageReference "SnapKit" */;
			productName = SnapKit;
		};
		C90597B9278EFC410032E3D5 /* Alamofire */ = {
			isa = XCSwiftPackageProductDependency;
			package = C90597B8278EFC410032E3D5 /* XCRemoteSwiftPackageReference "Alamofire" */;
			productName = Alamofire;
		};
		C90597BC278EFC710032E3D5 /* Kingfisher */ = {
			isa = XCSwiftPackageProductDependency;
			package = C90597BB278EFC710032E3D5 /* XCRemoteSwiftPackageReference "Kingfisher" */;
			productName = Kingfisher;
		};
/* End XCSwiftPackageProductDependency section */
	};
	rootObject = C905977A278EFA950032E3D5 /* Project object */;
}
